{
  "nodes": {
    "flake-schemas": {
      "locked": {
        "lastModified": 1721078157,
        "narHash": "sha256-c2AZH9cOnSpPXV8Lwy19/I8EgW7G+E+Zh6YQBZZwzxI=",
        "rev": "29e53dd33b1a38f235ef073e768c62821cb6146e",
        "revCount": 66,
        "type": "tarball",
        "url": "https://api.flakehub.com/f/pinned/DeterminateSystems/flake-schemas/0.1.3/0190b841-54d3-7b7a-8550-24942bc38caf/source.tar.gz"
      },
      "original": {
        "type": "tarball",
        "url": "https://flakehub.com/f/DeterminateSystems/flake-schemas/%2A.tar.gz"
      }
    },
    "nixpkgs": {
      "locked": {
        "lastModified": 1721548954,
        "narHash": "sha256-7cCC8+Tdq1+3OPyc3+gVo9dzUNkNIQfwSDJ2HSi2u3o=",
        "rev": "63d37ccd2d178d54e7fb691d7ec76000740ea24a",
        "revCount": 633334,
        "type": "tarball",
        "url": "https://api.flakehub.com/f/pinned/NixOS/nixpkgs/0.2405.633334%2Brev-63d37ccd2d178d54e7fb691d7ec76000740ea24a/0190d847-0241-7628-8ab0-d49f442300f4/source.tar.gz"
      },
      "original": {
        "type": "tarball",
        "url": "https://flakehub.com/f/NixOS/nixpkgs/%2A.tar.gz"
      }
    },
    "root": {
      "inputs": {
        "flake-schemas": "flake-schemas",
        "nixpkgs": "nixpkgs"
      }
    }
  },
  "root": "root",
  "version": 7
}
